// !$*UTF8*$!
{
	archiveVersion = 1;
	classes = {
	};
	objectVersion = 55;
	objects = {

/* Begin PBXBuildFile section */
		2F63425F2777B23800F0D888 /* AppDelegate.swift in Sources */ = {isa = PBXBuildFile; fileRef = 2F63425E2777B23800F0D888 /* AppDelegate.swift */; };
		2F6342612777B23800F0D888 /* SceneDelegate.swift in Sources */ = {isa = PBXBuildFile; fileRef = 2F6342602777B23800F0D888 /* SceneDelegate.swift */; };
		2F6342632777B23800F0D888 /* ViewController.swift in Sources */ = {isa = PBXBuildFile; fileRef = 2F6342622777B23800F0D888 /* ViewController.swift */; };
		2F6342662777B23800F0D888 /* Main.storyboard in Resources */ = {isa = PBXBuildFile; fileRef = 2F6342642777B23800F0D888 /* Main.storyboard */; };
		2F6342682777B24100F0D888 /* Assets.xcassets in Resources */ = {isa = PBXBuildFile; fileRef = 2F6342672777B24100F0D888 /* Assets.xcassets */; };
		2F63426B2777B24100F0D888 /* LaunchScreen.storyboard in Resources */ = {isa = PBXBuildFile; fileRef = 2F6342692777B24100F0D888 /* LaunchScreen.storyboard */; };
		2F6342762777B24200F0D888 /* denemeTests.swift in Sources */ = {isa = PBXBuildFile; fileRef = 2F6342752777B24200F0D888 /* denemeTests.swift */; };
		2F6342802777B24200F0D888 /* denemeUITests.swift in Sources */ = {isa = PBXBuildFile; fileRef = 2F63427F2777B24200F0D888 /* denemeUITests.swift */; };
		2F6342822777B24200F0D888 /* denemeUITestsLaunchTests.swift in Sources */ = {isa = PBXBuildFile; fileRef = 2F6342812777B24200F0D888 /* denemeUITestsLaunchTests.swift */; };
/* End PBXBuildFile section */

/* Begin PBXContainerItemProxy section */
		2F6342722777B24200F0D888 /* PBXContainerItemProxy */ = {
			isa = PBXContainerItemProxy;
			containerPortal = 2F6342532777B23800F0D888 /* Project object */;
			proxyType = 1;
			remoteGlobalIDString = 2F63425A2777B23800F0D888;
			remoteInfo = deneme;
		};
		2F63427C2777B24200F0D888 /* PBXContainerItemProxy */ = {
			isa = PBXContainerItemProxy;
			containerPortal = 2F6342532777B23800F0D888 /* Project object */;
			proxyType = 1;
			remoteGlobalIDString = 2F63425A2777B23800F0D888;
			remoteInfo = deneme;
		};
/* End PBXContainerItemProxy section */

/* Begin PBXFileReference section */
		2F63425B2777B23800F0D888 /* deneme.app */ = {isa = PBXFileReference; explicitFileType = wrapper.application; includeInIndex = 0; path = deneme.app; sourceTree = BUILT_PRODUCTS_DIR; };
		2F63425E2777B23800F0D888 /* AppDelegate.swift */ = {isa = PBXFileReference; lastKnownFileType = sourcecode.swift; path = AppDelegate.swift; sourceTree = "<group>"; };
		2F6342602777B23800F0D888 /* SceneDelegate.swift */ = {isa = PBXFileReference; lastKnownFileType = sourcecode.swift; path = SceneDelegate.swift; sourceTree = "<group>"; };
		2F6342622777B23800F0D888 /* ViewController.swift */ = {isa = PBXFileReference; lastKnownFileType = sourcecode.swift; path = ViewController.swift; sourceTree = "<group>"; };
		2F6342652777B23800F0D888 /* Base */ = {isa = PBXFileReference; lastKnownFileType = file.storyboard; name = Base; path = Base.lproj/Main.storyboard; sourceTree = "<group>"; };
		2F6342672777B24100F0D888 /* Assets.xcassets */ = {isa = PBXFileReference; lastKnownFileType = folder.assetcatalog; path = Assets.xcassets; sourceTree = "<group>"; };
		2F63426A2777B24100F0D888 /* Base */ = {isa = PBXFileReference; lastKnownFileType = file.storyboard; name = Base; path = Base.lproj/LaunchScreen.storyboard; sourceTree = "<group>"; };
		2F63426C2777B24100F0D888 /* Info.plist */ = {isa = PBXFileReference; lastKnownFileType = text.plist.xml; path = Info.plist; sourceTree = "<group>"; };
		2F6342712777B24200F0D888 /* denemeTests.xctest */ = {isa = PBXFileReference; explicitFileType = wrapper.cfbundle; includeInIndex = 0; path = denemeTests.xctest; sourceTree = BUILT_PRODUCTS_DIR; };
		2F6342752777B24200F0D888 /* denemeTests.swift */ = {isa = PBXFileReference; lastKnownFileType = sourcecode.swift; path = denemeTests.swift; sourceTree = "<group>"; };
		2F63427B2777B24200F0D888 /* denemeUITests.xctest */ = {isa = PBXFileReference; explicitFileType = wrapper.cfbundle; includeInIndex = 0; path = denemeUITests.xctest; sourceTree = BUILT_PRODUCTS_DIR; };
		2F63427F2777B24200F0D888 /* denemeUITests.swift */ = {isa = PBXFileReference; lastKnownFileType = sourcecode.swift; path = denemeUITests.swift; sourceTree = "<group>"; };
		2F6342812777B24200F0D888 /* denemeUITestsLaunchTests.swift */ = {isa = PBXFileReference; lastKnownFileType = sourcecode.swift; path = denemeUITestsLaunchTests.swift; sourceTree = "<group>"; };
/* End PBXFileReference section */

/* Begin PBXFrameworksBuildPhase section */
		2F6342582777B23800F0D888 /* Frameworks */ = {
			isa = PBXFrameworksBuildPhase;
			buildActionMask = 2147483647;
			files = (
			);
			runOnlyForDeploymentPostprocessing = 0;
		};
		2F63426E2777B24200F0D888 /* Frameworks */ = {
			isa = PBXFrameworksBuildPhase;
			buildActionMask = 2147483647;
			files = (
			);
			runOnlyForDeploymentPostprocessing = 0;
		};
		2F6342782777B24200F0D888 /* Frameworks */ = {
			isa = PBXFrameworksBuildPhase;
			buildActionMask = 2147483647;
			files = (
			);
			runOnlyForDeploymentPostprocessing = 0;
		};
/* End PBXFrameworksBuildPhase section */

/* Begin PBXGroup section */
		2F6342522777B23800F0D888 = {
			isa = PBXGroup;
			children = (
				2F63425D2777B23800F0D888 /* deneme */,
				2F6342742777B24200F0D888 /* denemeTests */,
				2F63427E2777B24200F0D888 /* denemeUITests */,
				2F63425C2777B23800F0D888 /* Products */,
			);
			sourceTree = "<group>";
		};
		2F63425C2777B23800F0D888 /* Products */ = {
			isa = PBXGroup;
			children = (
				2F63425B2777B23800F0D888 /* deneme.app */,
				2F6342712777B24200F0D888 /* denemeTests.xctest */,
				2F63427B2777B24200F0D888 /* denemeUITests.xctest */,
			);
			name = Products;
			sourceTree = "<group>";
		};
		2F63425D2777B23800F0D888 /* deneme */ = {
			isa = PBXGroup;
			children = (
				2F63425E2777B23800F0D888 /* AppDelegate.swift */,
				2F6342602777B23800F0D888 /* SceneDelegate.swift */,
				2F6342622777B23800F0D888 /* ViewController.swift */,
				2F6342642777B23800F0D888 /* Main.storyboard */,
				2F6342672777B24100F0D888 /* Assets.xcassets */,
				2F6342692777B24100F0D888 /* LaunchScreen.storyboard */,
				2F63426C2777B24100F0D888 /* Info.plist */,
			);
			path = deneme;
			sourceTree = "<group>";
		};
		2F6342742777B24200F0D888 /* denemeTests */ = {
			isa = PBXGroup;
			children = (
				2F6342752777B24200F0D888 /* denemeTests.swift */,
			);
			path = denemeTests;
			sourceTree = "<group>";
		};
		2F63427E2777B24200F0D888 /* denemeUITests */ = {
			isa = PBXGroup;
			children = (
				2F63427F2777B24200F0D888 /* denemeUITests.swift */,
				2F6342812777B24200F0D888 /* denemeUITestsLaunchTests.swift */,
			);
			path = denemeUITests;
			sourceTree = "<group>";
		};
/* End PBXGroup section */

/* Begin PBXNativeTarget section */
		2F63425A2777B23800F0D888 /* deneme */ = {
			isa = PBXNativeTarget;
			buildConfigurationList = 2F6342852777B24200F0D888 /* Build configuration list for PBXNativeTarget "deneme" */;
			buildPhases = (
				2F6342572777B23800F0D888 /* Sources */,
				2F6342582777B23800F0D888 /* Frameworks */,
				2F6342592777B23800F0D888 /* Resources */,
			);
			buildRules = (
			);
			dependencies = (
			);
			name = deneme;
			productName = deneme;
			productReference = 2F63425B2777B23800F0D888 /* deneme.app */;
			productType = "com.apple.product-type.application";
		};
		2F6342702777B24200F0D888 /* denemeTests */ = {
			isa = PBXNativeTarget;
			buildConfigurationList = 2F6342882777B24200F0D888 /* Build configuration list for PBXNativeTarget "denemeTests" */;
			buildPhases = (
				2F63426D2777B24200F0D888 /* Sources */,
				2F63426E2777B24200F0D888 /* Frameworks */,
				2F63426F2777B24200F0D888 /* Resources */,
			);
			buildRules = (
			);
			dependencies = (
				2F6342732777B24200F0D888 /* PBXTargetDependency */,
			);
			name = denemeTests;
			productName = denemeTests;
			productReference = 2F6342712777B24200F0D888 /* denemeTests.xctest */;
			productType = "com.apple.product-type.bundle.unit-test";
		};
		2F63427A2777B24200F0D888 /* denemeUITests */ = {
			isa = PBXNativeTarget;
			buildConfigurationList = 2F63428B2777B24200F0D888 /* Build configuration list for PBXNativeTarget "denemeUITests" */;
			buildPhases = (
				2F6342772777B24200F0D888 /* Sources */,
				2F6342782777B24200F0D888 /* Frameworks */,
				2F6342792777B24200F0D888 /* Resources */,
			);
			buildRules = (
			);
			dependencies = (
				2F63427D2777B24200F0D888 /* PBXTargetDependency */,
			);
			name = denemeUITests;
			productName = denemeUITests;
			productReference = 2F63427B2777B24200F0D888 /* denemeUITests.xctest */;
			productType = "com.apple.product-type.bundle.ui-testing";
		};
/* End PBXNativeTarget section */

/* Begin PBXProject section */
		2F6342532777B23800F0D888 /* Project object */ = {
			isa = PBXProject;
			attributes = {
				BuildIndependentTargetsInParallel = 1;
				LastSwiftUpdateCheck = 1320;
				LastUpgradeCheck = 1320;
				TargetAttributes = {
					2F63425A2777B23800F0D888 = {
						CreatedOnToolsVersion = 13.2.1;
					};
					2F6342702777B24200F0D888 = {
						CreatedOnToolsVersion = 13.2.1;
						TestTargetID = 2F63425A2777B23800F0D888;
					};
					2F63427A2777B24200F0D888 = {
						CreatedOnToolsVersion = 13.2.1;
						TestTargetID = 2F63425A2777B23800F0D888;
					};
				};
			};
			buildConfigurationList = 2F6342562777B23800F0D888 /* Build configuration list for PBXProject "deneme" */;
			compatibilityVersion = "Xcode 13.0";
			developmentRegion = en;
			hasScannedForEncodings = 0;
			knownRegions = (
				en,
				Base,
			);
			mainGroup = 2F6342522777B23800F0D888;
			productRefGroup = 2F63425C2777B23800F0D888 /* Products */;
			projectDirPath = "";
			projectRoot = "";
			targets = (
				2F63425A2777B23800F0D888 /* deneme */,
				2F6342702777B24200F0D888 /* denemeTests */,
				2F63427A2777B24200F0D888 /* denemeUITests */,
			);
		};
/* End PBXProject section */

/* Begin PBXResourcesBuildPhase section */
		2F6342592777B23800F0D888 /* Resources */ = {
			isa = PBXResourcesBuildPhase;
			buildActionMask = 2147483647;
			files = (
				2F63426B2777B24100F0D888 /* LaunchScreen.storyboard in Resources */,
				2F6342682777B24100F0D888 /* Assets.xcassets in Resources */,
				2F6342662777B23800F0D888 /* Main.storyboard in Resources */,
			);
			runOnlyForDeploymentPostprocessing = 0;
		};
		2F63426F2777B24200F0D888 /* Resources */ = {
			isa = PBXResourcesBuildPhase;
			buildActionMask = 2147483647;
			files = (
			);
			runOnlyForDeploymentPostprocessing = 0;
		};
		2F6342792777B24200F0D888 /* Resources */ = {
			isa = PBXResourcesBuildPhase;
			buildActionMask = 2147483647;
			files = (
			);
			runOnlyForDeploymentPostprocessing = 0;
		};
/* End PBXResourcesBuildPhase section */

/* Begin PBXSourcesBuildPhase section */
		2F6342572777B23800F0D888 /* Sources */ = {
			isa = PBXSourcesBuildPhase;
			buildActionMask = 2147483647;
			files = (
				2F6342632777B23800F0D888 /* ViewController.swift in Sources */,
				2F63425F2777B23800F0D888 /* AppDelegate.swift in Sources */,
				2F6342612777B23800F0D888 /* SceneDelegate.swift in Sources */,
			);
			runOnlyForDeploymentPostprocessing = 0;
		};
		2F63426D2777B24200F0D888 /* Sources */ = {
			isa = PBXSourcesBuildPhase;
			buildActionMask = 2147483647;
			files = (
				2F6342762777B24200F0D888 /* denemeTests.swift in Sources */,
			);
			runOnlyForDeploymentPostprocessing = 0;
		};
		2F6342772777B24200F0D888 /* Sources */ = {
			isa = PBXSourcesBuildPhase;
			buildActionMask = 2147483647;
			files = (
				2F6342822777B24200F0D888 /* denemeUITestsLaunchTests.swift in Sources */,
				2F6342802777B24200F0D888 /* denemeUITests.swift in Sources */,
			);
			runOnlyForDeploymentPostprocessing = 0;
		};
/* End PBXSourcesBuildPhase section */

/* Begin PBXTargetDependency section */
		2F6342732777B24200F0D888 /* PBXTargetDependency */ = {
			isa = PBXTargetDependency;
			target = 2F63425A2777B23800F0D888 /* deneme */;
			targetProxy = 2F6342722777B24200F0D888 /* PBXContainerItemProxy */;
		};
		2F63427D2777B24200F0D888 /* PBXTargetDependency */ = {
			isa = PBXTargetDependency;
			target = 2F63425A2777B23800F0D888 /* deneme */;
			targetProxy = 2F63427C2777B24200F0D888 /* PBXContainerItemProxy */;
		};
/* End PBXTargetDependency section */

/* Begin PBXVariantGroup section */
		2F6342642777B23800F0D888 /* Main.storyboard */ = {
			isa = PBXVariantGroup;
			children = (
				2F6342652777B23800F0D888 /* Base */,
			);
			name = Main.storyboard;
			sourceTree = "<group>";
		};
		2F6342692777B24100F0D888 /* LaunchScreen.storyboard */ = {
			isa = PBXVariantGroup;
			children = (
				2F63426A2777B24100F0D888 /* Base */,
			);
			name = LaunchScreen.storyboard;
			sourceTree = "<group>";
		};
/* End PBXVariantGroup section */

/* Begin XCBuildConfiguration section */
		2F6342832777B24200F0D888 /* Debug */ = {
			isa = XCBuildConfiguration;
			buildSettings = {
				ALWAYS_SEARCH_USER_PATHS = NO;
				CLANG_ANALYZER_NONNULL = YES;
				CLANG_ANALYZER_NUMBER_OBJECT_CONVERSION = YES_AGGRESSIVE;
				CLANG_CXX_LANGUAGE_STANDARD = "gnu++17";
				CLANG_CXX_LIBRARY = "libc++";
				CLANG_ENABLE_MODULES = YES;
				CLANG_ENABLE_OBJC_ARC = YES;
				CLANG_ENABLE_OBJC_WEAK = YES;
				CLANG_WARN_BLOCK_CAPTURE_AUTORELEASING = YES;
				CLANG_WARN_BOOL_CONVERSION = YES;
				CLANG_WARN_COMMA = YES;
				CLANG_WARN_CONSTANT_CONVERSION = YES;
				CLANG_WARN_DEPRECATED_OBJC_IMPLEMENTATIONS = YES;
				CLANG_WARN_DIRECT_OBJC_ISA_USAGE = YES_ERROR;
				CLANG_WARN_DOCUMENTATION_COMMENTS = YES;
				CLANG_WARN_EMPTY_BODY = YES;
				CLANG_WARN_ENUM_CONVERSION = YES;
				CLANG_WARN_INFINITE_RECURSION = YES;
				CLANG_WARN_INT_CONVERSION = YES;
				CLANG_WARN_NON_LITERAL_NULL_CONVERSION = YES;
				CLANG_WARN_OBJC_IMPLICIT_RETAIN_SELF = YES;
				CLANG_WARN_OBJC_LITERAL_CONVERSION = YES;
				CLANG_WARN_OBJC_ROOT_CLASS = YES_ERROR;
				CLANG_WARN_QUOTED_INCLUDE_IN_FRAMEWORK_HEADER = YES;
				CLANG_WARN_RANGE_LOOP_ANALYSIS = YES;
				CLANG_WARN_STRICT_PROTOTYPES = YES;
				CLANG_WARN_SUSPICIOUS_MOVE = YES;
				CLANG_WARN_UNGUARDED_AVAILABILITY = YES_AGGRESSIVE;
				CLANG_WARN_UNREACHABLE_CODE = YES;
				CLANG_WARN__DUPLICATE_METHOD_MATCH = YES;
				COPY_PHASE_STRIP = NO;
				DEBUG_INFORMATION_FORMAT = dwarf;
				ENABLE_STRICT_OBJC_MSGSEND = YES;
				ENABLE_TESTABILITY = YES;
				GCC_C_LANGUAGE_STANDARD = gnu11;
				GCC_DYNAMIC_NO_PIC = NO;
				GCC_NO_COMMON_BLOCKS = YES;
				GCC_OPTIMIZATION_LEVEL = 0;
				GCC_PREPROCESSOR_DEFINITIONS = (
					"DEBUG=1",
					"$(inherited)",
				);
				GCC_WARN_64_TO_32_BIT_CONVERSION = YES;
				GCC_WARN_ABOUT_RETURN_TYPE = YES_ERROR;
				GCC_WARN_UNDECLARED_SELECTOR = YES;
				GCC_WARN_UNINITIALIZED_AUTOS = YES_AGGRESSIVE;
				GCC_WARN_UNUSED_FUNCTION = YES;
				GCC_WARN_UNUSED_VARIABLE = YES;
				IPHONEOS_DEPLOYMENT_TARGET = 15.2;
				MTL_ENABLE_DEBUG_INFO = INCLUDE_SOURCE;
				MTL_FAST_MATH = YES;
				ONLY_ACTIVE_ARCH = YES;
				SDKROOT = iphoneos;
				SWIFT_ACTIVE_COMPILATION_CONDITIONS = DEBUG;
				SWIFT_OPTIMIZATION_LEVEL = "-Onone";
			};
			name = Debug;
		};
		2F6342842777B24200F0D888 /* Release */ = {
			isa = XCBuildConfiguration;
			buildSettings = {
				ALWAYS_SEARCH_USER_PATHS = NO;
				CLANG_ANALYZER_NONNULL = YES;
				CLANG_ANALYZER_NUMBER_OBJECT_CONVERSION = YES_AGGRESSIVE;
				CLANG_CXX_LANGUAGE_STANDARD = "gnu++17";
				CLANG_CXX_LIBRARY = "libc++";
				CLANG_ENABLE_MODULES = YES;
				CLANG_ENABLE_OBJC_ARC = YES;
				CLANG_ENABLE_OBJC_WEAK = YES;
				CLANG_WARN_BLOCK_CAPTURE_AUTORELEASING = YES;
				CLANG_WARN_BOOL_CONVERSION = YES;
				CLANG_WARN_COMMA = YES;
				CLANG_WARN_CONSTANT_CONVERSION = YES;
				CLANG_WARN_DEPRECATED_OBJC_IMPLEMENTATIONS = YES;
				CLANG_WARN_DIRECT_OBJC_ISA_USAGE = YES_ERROR;
				CLANG_WARN_DOCUMENTATION_COMMENTS = YES;
				CLANG_WARN_EMPTY_BODY = YES;
				CLANG_WARN_ENUM_CONVERSION = YES;
				CLANG_WARN_INFINITE_RECURSION = YES;
				CLANG_WARN_INT_CONVERSION = YES;
				CLANG_WARN_NON_LITERAL_NULL_CONVERSION = YES;
				CLANG_WARN_OBJC_IMPLICIT_RETAIN_SELF = YES;
				CLANG_WARN_OBJC_LITERAL_CONVERSION = YES;
				CLANG_WARN_OBJC_ROOT_CLASS = YES_ERROR;
				CLANG_WARN_QUOTED_INCLUDE_IN_FRAMEWORK_HEADER = YES;
				CLANG_WARN_RANGE_LOOP_ANALYSIS = YES;
				CLANG_WARN_STRICT_PROTOTYPES = YES;
				CLANG_WARN_SUSPICIOUS_MOVE = YES;
				CLANG_WARN_UNGUARDED_AVAILABILITY = YES_AGGRESSIVE;
				CLANG_WARN_UNREACHABLE_CODE = YES;
				CLANG_WARN__DUPLICATE_METHOD_MATCH = YES;
				COPY_PHASE_STRIP = NO;
				DEBUG_INFORMATION_FORMAT = "dwarf-with-dsym";
				ENABLE_NS_ASSERTIONS = NO;
				ENABLE_STRICT_OBJC_MSGSEND = YES;
				GCC_C_LANGUAGE_STANDARD = gnu11;
				GCC_NO_COMMON_BLOCKS = YES;
				GCC_WARN_64_TO_32_BIT_CONVERSION = YES;
				GCC_WARN_ABOUT_RETURN_TYPE = YES_ERROR;
				GCC_WARN_UNDECLARED_SELECTOR = YES;
				GCC_WARN_UNINITIALIZED_AUTOS = YES_AGGRESSIVE;
				GCC_WARN_UNUSED_FUNCTION = YES;
				GCC_WARN_UNUSED_VARIABLE = YES;
				IPHONEOS_DEPLOYMENT_TARGET = 15.2;
				MTL_ENABLE_DEBUG_INFO = NO;
				MTL_FAST_MATH = YES;
				SDKROOT = iphoneos;
				SWIFT_COMPILATION_MODE = wholemodule;
				SWIFT_OPTIMIZATION_LEVEL = "-O";
				VALIDATE_PRODUCT = YES;
			};
			name = Release;
		};
		2F6342862777B24200F0D888 /* Debug */ = {
			isa = XCBuildConfiguration;
			buildSettings = {
				ASSETCATALOG_COMPILER_APPICON_NAME = AppIcon;
				ASSETCATALOG_COMPILER_GLOBAL_ACCENT_COLOR_NAME = AccentColor;
				CODE_SIGN_STYLE = Automatic;
				CURRENT_PROJECT_VERSION = 1;
				GENERATE_INFOPLIST_FILE = YES;
				INFOPLIST_FILE = deneme/Info.plist;
				INFOPLIST_KEY_UIApplicationSupportsIndirectInputEvents = YES;
				INFOPLIST_KEY_UILaunchStoryboardName = LaunchScreen;
				INFOPLIST_KEY_UIMainStoryboardFile = Main;
				INFOPLIST_KEY_UISupportedInterfaceOrientations_iPad = "UIInterfaceOrientationPortrait UIInterfaceOrientationPortraitUpsideDown UIInterfaceOrientationLandscapeLeft UIInterfaceOrientationLandscapeRight";
				INFOPLIST_KEY_UISupportedInterfaceOrientations_iPhone = "UIInterfaceOrientationPortrait UIInterfaceOrientationLandscapeLeft UIInterfaceOrientationLandscapeRight";
				LD_RUNPATH_SEARCH_PATHS = (
					"$(inherited)",
					"@executable_path/Frameworks",
				);
				MARKETING_VERSION = 1.0;
				PRODUCT_BUNDLE_IDENTIFIER = resedat.deneme;
				PRODUCT_NAME = "$(TARGET_NAME)";
				SWIFT_EMIT_LOC_STRINGS = YES;
				SWIFT_VERSION = 5.0;
				TARGETED_DEVICE_FAMILY = "1,2";
			};
			name = Debug;
		};
		2F6342872777B24200F0D888 /* Release */ = {
			isa = XCBuildConfiguration;
			buildSettings = {
				ASSETCATALOG_COMPILER_APPICON_NAME = AppIcon;
				ASSETCATALOG_COMPILER_GLOBAL_ACCENT_COLOR_NAME = AccentColor;
				CODE_SIGN_STYLE = Automatic;
				CURRENT_PROJECT_VERSION = 1;
				GENERATE_INFOPLIST_FILE = YES;
				INFOPLIST_FILE = deneme/Info.plist;
				INFOPLIST_KEY_UIApplicationSupportsIndirectInputEvents = YES;
				INFOPLIST_KEY_UILaunchStoryboardName = LaunchScreen;
				INFOPLIST_KEY_UIMainStoryboardFile = Main;
				INFOPLIST_KEY_UISupportedInterfaceOrientations_iPad = "UIInterfaceOrientationPortrait UIInterfaceOrientationPortraitUpsideDown UIInterfaceOrientationLandscapeLeft UIInterfaceOrientationLandscapeRight";
				INFOPLIST_KEY_UISupportedInterfaceOrientations_iPhone = "UIInterfaceOrientationPortrait UIInterfaceOrientationLandscapeLeft UIInterfaceOrientationLandscapeRight";
				LD_RUNPATH_SEARCH_PATHS = (
					"$(inherited)",
					"@executable_path/Frameworks",
				);
				MARKETING_VERSION = 1.0;
				PRODUCT_BUNDLE_IDENTIFIER = resedat.deneme;
				PRODUCT_NAME = "$(TARGET_NAME)";
				SWIFT_EMIT_LOC_STRINGS = YES;
				SWIFT_VERSION = 5.0;
				TARGETED_DEVICE_FAMILY = "1,2";
			};
			name = Release;
		};
		2F6342892777B24200F0D888 /* Debug */ = {
			isa = XCBuildConfiguration;
			buildSettings = {
				ALWAYS_EMBED_SWIFT_STANDARD_LIBRARIES = YES;
				BUNDLE_LOADER = "$(TEST_HOST)";
				CODE_SIGN_STYLE = Automatic;
				CURRENT_PROJECT_VERSION = 1;
				GENERATE_INFOPLIST_FILE = YES;
				IPHONEOS_DEPLOYMENT_TARGET = 15.2;
				MARKETING_VERSION = 1.0;
				PRODUCT_BUNDLE_IDENTIFIER = resedat.denemeTests;
				PRODUCT_NAME = "$(TARGET_NAME)";
				SWIFT_EMIT_LOC_STRINGS = NO;
				SWIFT_VERSION = 5.0;
				TARGETED_DEVICE_FAMILY = "1,2";
				TEST_HOST = "$(BUILT_PRODUCTS_DIR)/deneme.app/deneme";
			};
			name = Debug;
		};
		2F63428A2777B24200F0D888 /* Release */ = {
			isa = XCBuildConfiguration;
			buildSettings = {
				ALWAYS_EMBED_SWIFT_STANDARD_LIBRARIES = YES;
				BUNDLE_LOADER = "$(TEST_HOST)";
				CODE_SIGN_STYLE = Automatic;
				CURRENT_PROJECT_VERSION = 1;
				GENERATE_INFOPLIST_FILE = YES;
				IPHONEOS_DEPLOYMENT_TARGET = 15.2;
				MARKETING_VERSION = 1.0;
				PRODUCT_BUNDLE_IDENTIFIER = resedat.denemeTests;
				PRODUCT_NAME = "$(TARGET_NAME)";
				SWIFT_EMIT_LOC_STRINGS = NO;
				SWIFT_VERSION = 5.0;
				TARGETED_DEVICE_FAMILY = "1,2";
				TEST_HOST = "$(BUILT_PRODUCTS_DIR)/deneme.app/deneme";
			};
			name = Release;
		};
		2F63428C2777B24200F0D888 /* Debug */ = {
			isa = XCBuildConfiguration;
			buildSettings = {
				ALWAYS_EMBED_SWIFT_STANDARD_LIBRARIES = YES;
				CODE_SIGN_STYLE = Automatic;
				CURRENT_PROJECT_VERSION = 1;
				GENERATE_INFOPLIST_FILE = YES;
				MARKETING_VERSION = 1.0;
				PRODUCT_BUNDLE_IDENTIFIER = resedat.denemeUITests;
				PRODUCT_NAME = "$(TARGET_NAME)";
				SWIFT_EMIT_LOC_STRINGS = NO;
				SWIFT_VERSION = 5.0;
				TARGETED_DEVICE_FAMILY = "1,2";
				TEST_TARGET_NAME = deneme;
			};
			name = Debug;
		};
		2F63428D2777B24200F0D888 /* Release */ = {
			isa = XCBuildConfiguration;
			buildSettings = {
				ALWAYS_EMBED_SWIFT_STANDARD_LIBRARIES = YES;
				CODE_SIGN_STYLE = Automatic;
				CURRENT_PROJECT_VERSION = 1;
				GENERATE_INFOPLIST_FILE = YES;
				MARKETING_VERSION = 1.0;
				PRODUCT_BUNDLE_IDENTIFIER = resedat.denemeUITests;
				PRODUCT_NAME = "$(TARGET_NAME)";
				SWIFT_EMIT_LOC_STRINGS = NO;
				SWIFT_VERSION = 5.0;
				TARGETED_DEVICE_FAMILY = "1,2";
				TEST_TARGET_NAME = deneme;
			};
			name = Release;
		};
/* End XCBuildConfiguration section */

/* Begin XCConfigurationList section */
		2F6342562777B23800F0D888 /* Build configuration list for PBXProject "deneme" */ = {
			isa = XCConfigurationList;
			buildConfigurations = (
				2F6342832777B24200F0D888 /* Debug */,
				2F6342842777B24200F0D888 /* Release */,
			);
			defaultConfigurationIsVisible = 0;
			defaultConfigurationName = Release;
		};
		2F6342852777B24200F0D888 /* Build configuration list for PBXNativeTarget "deneme" */ = {
			isa = XCConfigurationList;
			buildConfigurations = (
				2F6342862777B24200F0D888 /* Debug */,
				2F6342872777B24200F0D888 /* Release */,
			);
			defaultConfigurationIsVisible = 0;
			defaultConfigurationName = Release;
		};
		2F6342882777B24200F0D888 /* Build configuration list for PBXNativeTarget "denemeTests" */ = {
			isa = XCConfigurationList;
			buildConfigurations = (
				2F6342892777B24200F0D888 /* Debug */,
				2F63428A2777B24200F0D888 /* Release */,
			);
			defaultConfigurationIsVisible = 0;
			defaultConfigurationName = Release;
		};
		2F63428B2777B24200F0D888 /* Build configuration list for PBXNativeTarget "denemeUITests" */ = {
			isa = XCConfigurationList;
			buildConfigurations = (
				2F63428C2777B24200F0D888 /* Debug */,
				2F63428D2777B24200F0D888 /* Release */,
			);
			defaultConfigurationIsVisible = 0;
			defaultConfigurationName = Release;
		};
/* End XCConfigurationList section */
	};
	rootObject = 2F6342532777B23800F0D888 /* Project object */;
}
